
Microsoft Visual Studio Solution File, Format Version 12.00
# Visual Studio Version 17
VisualStudioVersion = 17.12.35527.113 d17.12
MinimumVisualStudioVersion = 10.0.40219.1
Project("{FAE04EC0-301F-11D3-BF4B-00C04F79EFBC}") = "URLShortnerMicroserivce", "URLShortnerMicroserivce\URLShortnerMicroserivce.csproj", "{886E2B26-2EA3-4104-A227-484F13EFB6DC}"
EndProject
Global
	GlobalSection(SolutionConfigurationPlatforms) = preSolution
		Debug|Any CPU = Debug|Any CPU
		Release|Any CPU = Release|Any CPU
	EndGlobalSection
	GlobalSection(ProjectConfigurationPlatforms) = postSolution
		{886E2B26-2EA3-4104-A227-484F13EFB6DC}.Debug|Any CPU.ActiveCfg = Debug|Any CPU
		{886E2B26-2EA3-4104-A227-484F13EFB6DC}.Debug|Any CPU.Build.0 = Debug|Any CPU
		{886E2B26-2EA3-4104-A227-484F13EFB6DC}.Release|Any CPU.ActiveCfg = Release|Any CPU
		{886E2B26-2EA3-4104-A227-484F13EFB6DC}.Release|Any CPU.Build.0 = Release|Any CPU
	EndGlobalSection
	GlobalSection(SolutionProperties) = preSolution
		HideSolutionNode = FALSE
	EndGlobalSection
EndGlobal
